
Microsoft Visual Studio Solution File, Format Version 12.00
# Visual Studio Version 17
VisualStudioVersion = 17.7.34221.43
MinimumVisualStudioVersion = 10.0.40219.1
Project("{FAE04EC0-301F-11D3-BF4B-00C04F79EFBC}") = "18_2", "18_2.csproj", "{B0520D26-EDAD-40E1-8579-1F112AF166D9}"
EndProject
Project("{FAE04EC0-301F-11D3-BF4B-00C04F79EFBC}") = "18_2(2)", "..\18_2(2)\18_2(2).csproj", "{583FD346-A713-4AD0-8944-C14A039793AA}"
EndProject
Global
	GlobalSection(SolutionConfigurationPlatforms) = preSolution
		Debug|Any CPU = Debug|Any CPU
		Release|Any CPU = Release|Any CPU
	EndGlobalSection
	GlobalSection(ProjectConfigurationPlatforms) = postSolution
		{B0520D26-EDAD-40E1-8579-1F112AF166D9}.Debug|Any CPU.ActiveCfg = Debug|Any CPU
		{B0520D26-EDAD-40E1-8579-1F112AF166D9}.Debug|Any CPU.Build.0 = Debug|Any CPU
		{B0520D26-EDAD-40E1-8579-1F112AF166D9}.Release|Any CPU.ActiveCfg = Release|Any CPU
		{B0520D26-EDAD-40E1-8579-1F112AF166D9}.Release|Any CPU.Build.0 = Release|Any CPU
		{583FD346-A713-4AD0-8944-C14A039793AA}.Debug|Any CPU.ActiveCfg = Debug|Any CPU
		{583FD346-A713-4AD0-8944-C14A039793AA}.Debug|Any CPU.Build.0 = Debug|Any CPU
		{583FD346-A713-4AD0-8944-C14A039793AA}.Release|Any CPU.ActiveCfg = Release|Any CPU
		{583FD346-A713-4AD0-8944-C14A039793AA}.Release|Any CPU.Build.0 = Release|Any CPU
	EndGlobalSection
	GlobalSection(SolutionProperties) = preSolution
		HideSolutionNode = FALSE
	EndGlobalSection
	GlobalSection(ExtensibilityGlobals) = postSolution
		SolutionGuid = {1FB64614-D023-4BE9-9FC8-6363F0DBE30B}
	EndGlobalSection
EndGlobal
